FORGE
  remote: http://forge.puppetlabs.com
  specs:
    example42/git (2.0.15)
      example42/puppi (>= 2.0.0)
    example42/puppi (2.1.9)
    maestrodev/wget (1.4.1)
    puppetlabs/apt (1.4.2)
      puppetlabs/stdlib (>= 2.2.1)
    puppetlabs/mongodb (0.7.0)
      puppetlabs/apt (>= 1.0.0)
      puppetlabs/stdlib (>= 2.2.0)
    puppetlabs/stdlib (3.2.1)
    ripienaar/module_data (0.0.3)
    willdurand/nodejs (1.6.3)
      maestrodev/wget (>= 0.0.0)
      puppetlabs/stdlib (>= 0.0.0)

DEPENDENCIES
  example42/git (= 2.0.15)
  puppetlabs/mongodb (= 0.7.0)
  puppetlabs/stdlib (= 3.2.1)
  ripienaar/module_data (= 0.0.3)
  willdurand/nodejs (= 1.6.3)

